
Microsoft Visual Studio Solution File, Format Version 12.00
# Visual Studio Version 16
VisualStudioVersion = 16.0.30104.148
MinimumVisualStudioVersion = 10.0.40219.1
Project("{9A19103F-16F7-4668-BE54-9A1E7A4F7556}") = "OANDA", "OANDA\OANDA.csproj", "{A0C8D053-234C-4008-A421-A93AABE06E02}"
EndProject
Project("{FAE04EC0-301F-11D3-BF4B-00C04F79EFBC}") = "MyTradeInterface", "MyTradeInterface\MyTradeInterface.csproj", "{E5913148-504D-45B7-B385-0ED5BEE72155}"
EndProject
Project("{9A19103F-16F7-4668-BE54-9A1E7A4F7556}") = "MyTrade.Core", "MyTrade.Core\MyTrade.Core.csproj", "{56AE0F02-8228-4410-95BB-88176360802F}"
EndProject
Project("{9A19103F-16F7-4668-BE54-9A1E7A4F7556}") = "MyTrade.OANDA", "MyTrade.OANDA\MyTrade.OANDA.csproj", "{7C6D8943-853D-4BB3-B356-6537D4B2DA6A}"
EndProject
Project("{FAE04EC0-301F-11D3-BF4B-00C04F79EFBC}") = "MyTrade.Core.Strategy", "MyTrade.Core.Strategy\MyTrade.Core.Strategy.csproj", "{FD818701-FE74-47CC-A217-127758826122}"
EndProject
Project("{FAE04EC0-301F-11D3-BF4B-00C04F79EFBC}") = "MyTrade.Alpaca", "MyTrade.Alpaca\MyTrade.Alpaca.csproj", "{1740F041-447F-4065-AD75-3130E39D2DFA}"
EndProject
Global
	GlobalSection(SolutionConfigurationPlatforms) = preSolution
		Debug|Any CPU = Debug|Any CPU
		Release|Any CPU = Release|Any CPU
	EndGlobalSection
	GlobalSection(ProjectConfigurationPlatforms) = postSolution
		{A0C8D053-234C-4008-A421-A93AABE06E02}.Debug|Any CPU.ActiveCfg = Debug|Any CPU
		{A0C8D053-234C-4008-A421-A93AABE06E02}.Debug|Any CPU.Build.0 = Debug|Any CPU
		{A0C8D053-234C-4008-A421-A93AABE06E02}.Release|Any CPU.ActiveCfg = Release|Any CPU
		{A0C8D053-234C-4008-A421-A93AABE06E02}.Release|Any CPU.Build.0 = Release|Any CPU
		{E5913148-504D-45B7-B385-0ED5BEE72155}.Debug|Any CPU.ActiveCfg = Debug|Any CPU
		{E5913148-504D-45B7-B385-0ED5BEE72155}.Debug|Any CPU.Build.0 = Debug|Any CPU
		{E5913148-504D-45B7-B385-0ED5BEE72155}.Release|Any CPU.ActiveCfg = Release|Any CPU
		{E5913148-504D-45B7-B385-0ED5BEE72155}.Release|Any CPU.Build.0 = Release|Any CPU
		{56AE0F02-8228-4410-95BB-88176360802F}.Debug|Any CPU.ActiveCfg = Debug|Any CPU
		{56AE0F02-8228-4410-95BB-88176360802F}.Debug|Any CPU.Build.0 = Debug|Any CPU
		{56AE0F02-8228-4410-95BB-88176360802F}.Release|Any CPU.ActiveCfg = Release|Any CPU
		{56AE0F02-8228-4410-95BB-88176360802F}.Release|Any CPU.Build.0 = Release|Any CPU
		{7C6D8943-853D-4BB3-B356-6537D4B2DA6A}.Debug|Any CPU.ActiveCfg = Debug|Any CPU
		{7C6D8943-853D-4BB3-B356-6537D4B2DA6A}.Debug|Any CPU.Build.0 = Debug|Any CPU
		{7C6D8943-853D-4BB3-B356-6537D4B2DA6A}.Release|Any CPU.ActiveCfg = Release|Any CPU
		{7C6D8943-853D-4BB3-B356-6537D4B2DA6A}.Release|Any CPU.Build.0 = Release|Any CPU
		{FD818701-FE74-47CC-A217-127758826122}.Debug|Any CPU.ActiveCfg = Debug|Any CPU
		{FD818701-FE74-47CC-A217-127758826122}.Debug|Any CPU.Build.0 = Debug|Any CPU
		{FD818701-FE74-47CC-A217-127758826122}.Release|Any CPU.ActiveCfg = Release|Any CPU
		{FD818701-FE74-47CC-A217-127758826122}.Release|Any CPU.Build.0 = Release|Any CPU
		{1740F041-447F-4065-AD75-3130E39D2DFA}.Debug|Any CPU.ActiveCfg = Debug|Any CPU
		{1740F041-447F-4065-AD75-3130E39D2DFA}.Debug|Any CPU.Build.0 = Debug|Any CPU
		{1740F041-447F-4065-AD75-3130E39D2DFA}.Release|Any CPU.ActiveCfg = Release|Any CPU
		{1740F041-447F-4065-AD75-3130E39D2DFA}.Release|Any CPU.Build.0 = Release|Any CPU
	EndGlobalSection
	GlobalSection(SolutionProperties) = preSolution
		HideSolutionNode = FALSE
	EndGlobalSection
	GlobalSection(ExtensibilityGlobals) = postSolution
		SolutionGuid = {F70D147C-92A5-402A-898A-8ABB592B1AD6}
	EndGlobalSection
EndGlobal
